
Microsoft Visual Studio Solution File, Format Version 12.00
# Visual Studio 14
VisualStudioVersion = 14.0.24720.0
MinimumVisualStudioVersion = 10.0.40219.1
Project("{FAE04EC0-301F-11D3-BF4B-00C04F79EFBC}") = "Core", "Core\Core.csproj", "{7E862BAA-EB70-403B-8AC7-24BE32988446}"
EndProject
Project("{FAE04EC0-301F-11D3-BF4B-00C04F79EFBC}") = "CoreTest", "CoreTest\CoreTest.csproj", "{18101838-53D4-40D7-B8C3-C3768FF34FD6}"
EndProject
Project("{FAE04EC0-301F-11D3-BF4B-00C04F79EFBC}") = "GUI", "GUI\GUI.csproj", "{F2590160-4ADE-4AC3-9964-1395F7A4F7CB}"
EndProject
Project("{FAE04EC0-301F-11D3-BF4B-00C04F79EFBC}") = "Finance", "Finance\Finance.csproj", "{FCF5AFBE-5B89-48F0-B5E0-D15D7A25992B}"
EndProject
Project("{FAE04EC0-301F-11D3-BF4B-00C04F79EFBC}") = "FinanceTest", "FinanceTest\FinanceTest.csproj", "{C49EFEAF-FDE5-4288-8D7E-DBB8A13CBD30}"
EndProject
Global
	GlobalSection(SolutionConfigurationPlatforms) = preSolution
		Debug|Any CPU = Debug|Any CPU
		Release|Any CPU = Release|Any CPU
	EndGlobalSection
	GlobalSection(ProjectConfigurationPlatforms) = postSolution
		{7E862BAA-EB70-403B-8AC7-24BE32988446}.Debug|Any CPU.ActiveCfg = Debug|Any CPU
		{7E862BAA-EB70-403B-8AC7-24BE32988446}.Debug|Any CPU.Build.0 = Debug|Any CPU
		{7E862BAA-EB70-403B-8AC7-24BE32988446}.Release|Any CPU.ActiveCfg = Release|Any CPU
		{7E862BAA-EB70-403B-8AC7-24BE32988446}.Release|Any CPU.Build.0 = Release|Any CPU
		{18101838-53D4-40D7-B8C3-C3768FF34FD6}.Debug|Any CPU.ActiveCfg = Debug|Any CPU
		{18101838-53D4-40D7-B8C3-C3768FF34FD6}.Debug|Any CPU.Build.0 = Debug|Any CPU
		{18101838-53D4-40D7-B8C3-C3768FF34FD6}.Release|Any CPU.ActiveCfg = Release|Any CPU
		{18101838-53D4-40D7-B8C3-C3768FF34FD6}.Release|Any CPU.Build.0 = Release|Any CPU
		{F2590160-4ADE-4AC3-9964-1395F7A4F7CB}.Debug|Any CPU.ActiveCfg = Debug|Any CPU
		{F2590160-4ADE-4AC3-9964-1395F7A4F7CB}.Debug|Any CPU.Build.0 = Debug|Any CPU
		{F2590160-4ADE-4AC3-9964-1395F7A4F7CB}.Release|Any CPU.ActiveCfg = Release|Any CPU
		{F2590160-4ADE-4AC3-9964-1395F7A4F7CB}.Release|Any CPU.Build.0 = Release|Any CPU
		{FCF5AFBE-5B89-48F0-B5E0-D15D7A25992B}.Debug|Any CPU.ActiveCfg = Debug|Any CPU
		{FCF5AFBE-5B89-48F0-B5E0-D15D7A25992B}.Debug|Any CPU.Build.0 = Debug|Any CPU
		{FCF5AFBE-5B89-48F0-B5E0-D15D7A25992B}.Release|Any CPU.ActiveCfg = Release|Any CPU
		{FCF5AFBE-5B89-48F0-B5E0-D15D7A25992B}.Release|Any CPU.Build.0 = Release|Any CPU
		{C49EFEAF-FDE5-4288-8D7E-DBB8A13CBD30}.Debug|Any CPU.ActiveCfg = Debug|Any CPU
		{C49EFEAF-FDE5-4288-8D7E-DBB8A13CBD30}.Debug|Any CPU.Build.0 = Debug|Any CPU
		{C49EFEAF-FDE5-4288-8D7E-DBB8A13CBD30}.Release|Any CPU.ActiveCfg = Release|Any CPU
		{C49EFEAF-FDE5-4288-8D7E-DBB8A13CBD30}.Release|Any CPU.Build.0 = Release|Any CPU
	EndGlobalSection
	GlobalSection(SolutionProperties) = preSolution
		HideSolutionNode = FALSE
	EndGlobalSection
EndGlobal
